<?xml version="1.0" encoding="utf-8"?>
<Project ToolsVersion="4.0" xmlns="http://schemas.microsoft.com/developer/msbuild/2003">
  <ItemGroup>
    <Filter Include="Файлы исходного кода">
      <UniqueIdentifier>{4FC737F1-C7A5-4376-A066-2A32D752A2FF}</UniqueIdentifier>
      <Extensions>cpp;c;cc;cxx;def;odl;idl;hpj;bat;asm;asmx</Extensions>
    </Filter>
    <Filter Include="Заголовочные файлы">
      <UniqueIdentifier>{93995380-89BD-4b04-88EB-625FBE52EBFB}</UniqueIdentifier>
      <Extensions>h;hpp;hxx;hm;inl;inc;xsd</Extensions>
    </Filter>
    <Filter Include="Файлы ресурсов">
      <UniqueIdentifier>{67DA6AB6-F800-4c08-8B7A-83BB121AAD01}</UniqueIdentifier>
      <Extensions>rc;ico;cur;bmp;dlg;rc2;rct;bin;rgs;gif;jpg;jpeg;jpe;resx;tiff;tif;png;wav;mfcribbon-ms</Extensions>
    </Filter>
    <Filter Include="Заголовочные файлы\classes">
      <UniqueIdentifier>{ef482870-ec68-4e4e-ac4f-d54b4c9396df}</UniqueIdentifier>
    </Filter>
    <Filter Include="Файлы исходного кода\classes">
      <UniqueIdentifier>{7629756a-ec8a-425d-8917-0fbbc2f9d1f8}</UniqueIdentifier>
    </Filter>
  </ItemGroup>
  <ItemGroup>
    <ClCompile Include="main.cpp">
      <Filter>Файлы исходного кода</Filter>
    </ClCompile>
    <ClCompile Include="Bonus.cpp">
      <Filter>Файлы исходного кода\classes</Filter>
    </ClCompile>
    <ClCompile Include="DeathCircle.cpp">
      <Filter>Файлы исходного кода\classes</Filter>
    </ClCompile>
    <ClCompile Include="Enemy.cpp">
      <Filter>Файлы исходного кода\classes</Filter>
    </ClCompile>
    <ClCompile Include="Game.cpp">
      <Filter>Файлы исходного кода\classes</Filter>
    </ClCompile>
    <ClCompile Include="GameObjectManager.cpp">
      <Filter>Файлы исходного кода\classes</Filter>
    </ClCompile>
    <ClCompile Include="GameOver.cpp">
      <Filter>Файлы исходного кода\classes</Filter>
    </ClCompile>
    <ClCompile Include="MainMenu.cpp">
      <Filter>Файлы исходного кода\classes</Filter>
    </ClCompile>
    <ClCompile Include="Player.cpp">
      <Filter>Файлы исходного кода\classes</Filter>
    </ClCompile>
    <ClCompile Include="SplashScreen.cpp">
      <Filter>Файлы исходного кода\classes</Filter>
    </ClCompile>
    <ClCompile Include="VisibleGameObject.cpp">
      <Filter>Файлы исходного кода\classes</Filter>
    </ClCompile>
    <ClCompile Include="_checkForUpdate.cpp">
      <Filter>Файлы исходного кода</Filter>
    </ClCompile>
    <ClCompile Include="_createWindow.cpp">
      <Filter>Файлы исходного кода</Filter>
    </ClCompile>
    <ClCompile Include="_to_string_with_precision.cpp">
      <Filter>Файлы исходного кода</Filter>
    </ClCompile>
  </ItemGroup>
  <ItemGroup>
    <ClInclude Include="Bonus.h">
      <Filter>Заголовочные файлы\classes</Filter>
    </ClInclude>
    <ClInclude Include="DeathCircle.h">
      <Filter>Заголовочные файлы\classes</Filter>
    </ClInclude>
    <ClInclude Include="Enemy.h">
      <Filter>Заголовочные файлы\classes</Filter>
    </ClInclude>
    <ClInclude Include="Game.h">
      <Filter>Заголовочные файлы\classes</Filter>
    </ClInclude>
    <ClInclude Include="GameObjectManager.h">
      <Filter>Заголовочные файлы\classes</Filter>
    </ClInclude>
    <ClInclude Include="GameOver.h">
      <Filter>Заголовочные файлы\classes</Filter>
    </ClInclude>
    <ClInclude Include="MainMenu.h">
      <Filter>Заголовочные файлы\classes</Filter>
    </ClInclude>
    <ClInclude Include="Player.h">
      <Filter>Заголовочные файлы\classes</Filter>
    </ClInclude>
    <ClInclude Include="SplashScreen.h">
      <Filter>Заголовочные файлы\classes</Filter>
    </ClInclude>
    <ClInclude Include="VisibleGameObject.h">
      <Filter>Заголовочные файлы\classes</Filter>
    </ClInclude>
    <ClInclude Include="main.h">
      <Filter>Заголовочные файлы</Filter>
    </ClInclude>
  </ItemGroup>
</Project>